
Microsoft Visual Studio Solution File, Format Version 12.00
# Visual Studio Version 17
VisualStudioVersion = 17.5.33516.290
MinimumVisualStudioVersion = 10.0.40219.1
Project("{8BC9CEB8-8B4A-11D0-8D11-00A0C91BC942}") = "JSON_Lib", "JSON_Lib\JSON_Lib.vcxproj", "{A009C4B1-B114-424F-AEF4-0BF8E5D11446}"
EndProject
Project("{8BC9CEB8-8B4A-11D0-8D11-00A0C91BC942}") = "Example_exe", "Example_exe\Example_exe.vcxproj", "{367C483B-5A86-47B2-9C84-5E84AA697A69}"
EndProject
Project("{8BC9CEB8-8B4A-11D0-8D11-00A0C91BC942}") = "JSON_Lib_CLR", "JSON_Lib_CLR\JSON_Lib_CLR.vcxproj", "{3509B803-AB5D-46B8-8E02-2A116A02050B}"
EndProject
Project("{FAE04EC0-301F-11D3-BF4B-00C04F79EFBC}") = "JSON_WinForms", "JSON_WinForms\JSON_WinForms.csproj", "{4B3DF9FA-8EB4-43E7-A8AC-C4664FFC340A}"
EndProject
Global
	GlobalSection(SolutionConfigurationPlatforms) = preSolution
		Debug|Any CPU = Debug|Any CPU
		Debug|x64 = Debug|x64
		Debug|x86 = Debug|x86
		Release|Any CPU = Release|Any CPU
		Release|x64 = Release|x64
		Release|x86 = Release|x86
	EndGlobalSection
	GlobalSection(ProjectConfigurationPlatforms) = postSolution
		{A009C4B1-B114-424F-AEF4-0BF8E5D11446}.Debug|Any CPU.ActiveCfg = Debug|x64
		{A009C4B1-B114-424F-AEF4-0BF8E5D11446}.Debug|Any CPU.Build.0 = Debug|x64
		{A009C4B1-B114-424F-AEF4-0BF8E5D11446}.Debug|x64.ActiveCfg = Debug|x64
		{A009C4B1-B114-424F-AEF4-0BF8E5D11446}.Debug|x64.Build.0 = Debug|x64
		{A009C4B1-B114-424F-AEF4-0BF8E5D11446}.Debug|x86.ActiveCfg = Debug|Win32
		{A009C4B1-B114-424F-AEF4-0BF8E5D11446}.Debug|x86.Build.0 = Debug|Win32
		{A009C4B1-B114-424F-AEF4-0BF8E5D11446}.Release|Any CPU.ActiveCfg = Release|x64
		{A009C4B1-B114-424F-AEF4-0BF8E5D11446}.Release|Any CPU.Build.0 = Release|x64
		{A009C4B1-B114-424F-AEF4-0BF8E5D11446}.Release|x64.ActiveCfg = Release|x64
		{A009C4B1-B114-424F-AEF4-0BF8E5D11446}.Release|x64.Build.0 = Release|x64
		{A009C4B1-B114-424F-AEF4-0BF8E5D11446}.Release|x86.ActiveCfg = Release|Win32
		{A009C4B1-B114-424F-AEF4-0BF8E5D11446}.Release|x86.Build.0 = Release|Win32
		{367C483B-5A86-47B2-9C84-5E84AA697A69}.Debug|Any CPU.ActiveCfg = Debug|x64
		{367C483B-5A86-47B2-9C84-5E84AA697A69}.Debug|Any CPU.Build.0 = Debug|x64
		{367C483B-5A86-47B2-9C84-5E84AA697A69}.Debug|x64.ActiveCfg = Debug|x64
		{367C483B-5A86-47B2-9C84-5E84AA697A69}.Debug|x64.Build.0 = Debug|x64
		{367C483B-5A86-47B2-9C84-5E84AA697A69}.Debug|x86.ActiveCfg = Debug|Win32
		{367C483B-5A86-47B2-9C84-5E84AA697A69}.Debug|x86.Build.0 = Debug|Win32
		{367C483B-5A86-47B2-9C84-5E84AA697A69}.Release|Any CPU.ActiveCfg = Release|x64
		{367C483B-5A86-47B2-9C84-5E84AA697A69}.Release|Any CPU.Build.0 = Release|x64
		{367C483B-5A86-47B2-9C84-5E84AA697A69}.Release|x64.ActiveCfg = Release|x64
		{367C483B-5A86-47B2-9C84-5E84AA697A69}.Release|x64.Build.0 = Release|x64
		{367C483B-5A86-47B2-9C84-5E84AA697A69}.Release|x86.ActiveCfg = Release|Win32
		{367C483B-5A86-47B2-9C84-5E84AA697A69}.Release|x86.Build.0 = Release|Win32
		{3509B803-AB5D-46B8-8E02-2A116A02050B}.Debug|Any CPU.ActiveCfg = Debug|x64
		{3509B803-AB5D-46B8-8E02-2A116A02050B}.Debug|Any CPU.Build.0 = Debug|x64
		{3509B803-AB5D-46B8-8E02-2A116A02050B}.Debug|x64.ActiveCfg = Debug|x64
		{3509B803-AB5D-46B8-8E02-2A116A02050B}.Debug|x64.Build.0 = Debug|x64
		{3509B803-AB5D-46B8-8E02-2A116A02050B}.Debug|x86.ActiveCfg = Debug|Win32
		{3509B803-AB5D-46B8-8E02-2A116A02050B}.Debug|x86.Build.0 = Debug|Win32
		{3509B803-AB5D-46B8-8E02-2A116A02050B}.Release|Any CPU.ActiveCfg = Release|x64
		{3509B803-AB5D-46B8-8E02-2A116A02050B}.Release|Any CPU.Build.0 = Release|x64
		{3509B803-AB5D-46B8-8E02-2A116A02050B}.Release|x64.ActiveCfg = Release|x64
		{3509B803-AB5D-46B8-8E02-2A116A02050B}.Release|x64.Build.0 = Release|x64
		{3509B803-AB5D-46B8-8E02-2A116A02050B}.Release|x86.ActiveCfg = Release|Win32
		{3509B803-AB5D-46B8-8E02-2A116A02050B}.Release|x86.Build.0 = Release|Win32
		{4B3DF9FA-8EB4-43E7-A8AC-C4664FFC340A}.Debug|Any CPU.ActiveCfg = Debug|Any CPU
		{4B3DF9FA-8EB4-43E7-A8AC-C4664FFC340A}.Debug|Any CPU.Build.0 = Debug|Any CPU
		{4B3DF9FA-8EB4-43E7-A8AC-C4664FFC340A}.Debug|x64.ActiveCfg = Debug|Any CPU
		{4B3DF9FA-8EB4-43E7-A8AC-C4664FFC340A}.Debug|x64.Build.0 = Debug|Any CPU
		{4B3DF9FA-8EB4-43E7-A8AC-C4664FFC340A}.Debug|x86.ActiveCfg = Debug|Any CPU
		{4B3DF9FA-8EB4-43E7-A8AC-C4664FFC340A}.Debug|x86.Build.0 = Debug|Any CPU
		{4B3DF9FA-8EB4-43E7-A8AC-C4664FFC340A}.Release|Any CPU.ActiveCfg = Release|Any CPU
		{4B3DF9FA-8EB4-43E7-A8AC-C4664FFC340A}.Release|Any CPU.Build.0 = Release|Any CPU
		{4B3DF9FA-8EB4-43E7-A8AC-C4664FFC340A}.Release|x64.ActiveCfg = Release|Any CPU
		{4B3DF9FA-8EB4-43E7-A8AC-C4664FFC340A}.Release|x64.Build.0 = Release|Any CPU
		{4B3DF9FA-8EB4-43E7-A8AC-C4664FFC340A}.Release|x86.ActiveCfg = Release|Any CPU
		{4B3DF9FA-8EB4-43E7-A8AC-C4664FFC340A}.Release|x86.Build.0 = Release|Any CPU
	EndGlobalSection
	GlobalSection(SolutionProperties) = preSolution
		HideSolutionNode = FALSE
	EndGlobalSection
	GlobalSection(ExtensibilityGlobals) = postSolution
		SolutionGuid = {4FA455EC-3401-4F23-BA62-292BBD0E7F99}
	EndGlobalSection
EndGlobal
